// !$*UTF8*$!
{
	archiveVersion = 1;
	classes = {
	};
	objectVersion = 56;
	objects = {

/* Begin PBXBuildFile section */
		9E74B8332B7E6EFD003F0D3E /* libglfw.3.3.dylib in Frameworks */ = {isa = PBXBuildFile; fileRef = 9E74B8312B7E628A003F0D3E /* libglfw.3.3.dylib */; };
		9E74B8352B7E7136003F0D3E /* GLUT.framework in Frameworks */ = {isa = PBXBuildFile; fileRef = 9E74B8342B7E7136003F0D3E /* GLUT.framework */; };
		9E74B8392B7E7148003F0D3E /* IOKit.framework in Frameworks */ = {isa = PBXBuildFile; fileRef = 9E74B8382B7E7148003F0D3E /* IOKit.framework */; };
		9E74B8562B8916CE003F0D3E /* Assets.xcassets in Resources */ = {isa = PBXBuildFile; fileRef = 9E74B8532B878ABD003F0D3E /* Assets.xcassets */; };
		9E74B8942B8BB2A4003F0D3E /* stb_image.h in Frameworks */ = {isa = PBXBuildFile; fileRef = 9E74B83A2B8637F1003F0D3E /* stb_image.h */; };
		9E74B8992B8CBAE7003F0D3E /* Cocoa.framework in Frameworks */ = {isa = PBXBuildFile; fileRef = 9E74B8362B7E713F003F0D3E /* Cocoa.framework */; };
		9E74B8DF2B8CDAA0003F0D3E /* SDL2.framework in Frameworks */ = {isa = PBXBuildFile; fileRef = 9E74B8DE2B8CDAA0003F0D3E /* SDL2.framework */; };
		9E7ADFD12B8E1CAD00202BEA /* SDL2_image.framework in Frameworks */ = {isa = PBXBuildFile; fileRef = 9E7ADFCF2B8E1CA500202BEA /* SDL2_image.framework */; };
		9E7ADFD22B8E1CAD00202BEA /* SDL2_image.framework in Embed Frameworks */ = {isa = PBXBuildFile; fileRef = 9E7ADFCF2B8E1CA500202BEA /* SDL2_image.framework */; settings = {ATTRIBUTES = (CodeSignOnCopy, RemoveHeadersOnCopy, ); }; };
		9E7ADFD42B8E1D0E00202BEA /* assets in Resources */ = {isa = PBXBuildFile; fileRef = 9E7ADFD32B8E1D0E00202BEA /* assets */; };
		9E7ADFF32B8F771300202BEA /* SDL2_gfx in Frameworks */ = {isa = PBXBuildFile; fileRef = 9E7ADFF22B8F771300202BEA /* SDL2_gfx */; };
		9E7AE0102BA0C33900202BEA /* SDL2.framework in Embed Frameworks */ = {isa = PBXBuildFile; fileRef = 9E74B8DE2B8CDAA0003F0D3E /* SDL2.framework */; settings = {ATTRIBUTES = (CodeSignOnCopy, RemoveHeadersOnCopy, ); }; };
		9EDF5E942BBD9BEF00EC9DB1 /* main.cpp in Sources */ = {isa = PBXBuildFile; fileRef = 9EDF5E7B2BBD9BEE00EC9DB1 /* main.cpp */; };
		9EDF5EC02BBDA24D00EC9DB1 /* engine.cpp in Sources */ = {isa = PBXBuildFile; fileRef = 9EDF5EBE2BBDA24D00EC9DB1 /* engine.cpp */; };
		9EDF5EC32BBDA28400EC9DB1 /* input.cpp in Sources */ = {isa = PBXBuildFile; fileRef = 9EDF5EC12BBDA28400EC9DB1 /* input.cpp */; };
		9EDF5EC62BBDA2AA00EC9DB1 /* draw.cpp in Sources */ = {isa = PBXBuildFile; fileRef = 9EDF5EC42BBDA2AA00EC9DB1 /* draw.cpp */; };
		9EDF5ECC2BBDB92500EC9DB1 /* stage.cpp in Sources */ = {isa = PBXBuildFile; fileRef = 9EDF5ECA2BBDB92500EC9DB1 /* stage.cpp */; };
		9EDF5ECF2BBE074800EC9DB1 /* util.cpp in Sources */ = {isa = PBXBuildFile; fileRef = 9EDF5ECD2BBE074800EC9DB1 /* util.cpp */; };
		9EDF5ED22BC8552D00EC9DB1 /* level.cpp in Sources */ = {isa = PBXBuildFile; fileRef = 9EDF5ED02BC8552D00EC9DB1 /* level.cpp */; };
		9EDF5ED52BD00DEF00EC9DB1 /* starfield.cpp in Sources */ = {isa = PBXBuildFile; fileRef = 9EDF5ED32BD00DEF00EC9DB1 /* starfield.cpp */; };
		9EDF5ED82BD0117100EC9DB1 /* player.cpp in Sources */ = {isa = PBXBuildFile; fileRef = 9EDF5ED62BD0117100EC9DB1 /* player.cpp */; };
		9EDF5EDB2BD0208F00EC9DB1 /* enemy.cpp in Sources */ = {isa = PBXBuildFile; fileRef = 9EDF5ED92BD0208F00EC9DB1 /* enemy.cpp */; };
		9EDF5EDE2BD020A300EC9DB1 /* entity.cpp in Sources */ = {isa = PBXBuildFile; fileRef = 9EDF5EDC2BD020A300EC9DB1 /* entity.cpp */; };
		9EDF5EE12BD023BE00EC9DB1 /* bullet.cpp in Sources */ = {isa = PBXBuildFile; fileRef = 9EDF5EDF2BD023BE00EC9DB1 /* bullet.cpp */; };
		9EDF5EE42BD14DBB00EC9DB1 /* camera.cpp in Sources */ = {isa = PBXBuildFile; fileRef = 9EDF5EE22BD14DBB00EC9DB1 /* camera.cpp */; };
		9EDF5EE72BD14DEE00EC9DB1 /* effects.cpp in Sources */ = {isa = PBXBuildFile; fileRef = 9EDF5EE52BD14DEE00EC9DB1 /* effects.cpp */; };
		9EDF5EEA2BD14E5D00EC9DB1 /* entityCreate.cpp in Sources */ = {isa = PBXBuildFile; fileRef = 9EDF5EE82BD14E5D00EC9DB1 /* entityCreate.cpp */; };
		9EDF5EED2BD1536D00EC9DB1 /* controls.cpp in Sources */ = {isa = PBXBuildFile; fileRef = 9EDF5EEB2BD1536D00EC9DB1 /* controls.cpp */; };
		9EDF5EF02BD1551B00EC9DB1 /* lookup.cpp in Sources */ = {isa = PBXBuildFile; fileRef = 9EDF5EEE2BD1551B00EC9DB1 /* lookup.cpp */; };
		9EDF5EF32BD1554F00EC9DB1 /* widgets.cpp in Sources */ = {isa = PBXBuildFile; fileRef = 9EDF5EF12BD1554F00EC9DB1 /* widgets.cpp */; };
		9EDF5EF62BD155D100EC9DB1 /* text.cpp in Sources */ = {isa = PBXBuildFile; fileRef = 9EDF5EF42BD155D100EC9DB1 /* text.cpp */; };
		9EDF5EF92BD1562700EC9DB1 /* texture.cpp in Sources */ = {isa = PBXBuildFile; fileRef = 9EDF5EF72BD1562700EC9DB1 /* texture.cpp */; };
/* End PBXBuildFile section */

/* Begin PBXCopyFilesBuildPhase section */
		9E74B8012B712A32003F0D3E /* CopyFiles */ = {
			isa = PBXCopyFilesBuildPhase;
			buildActionMask = 12;
			dstPath = "";
			dstSubfolderSpec = 7;
			files = (
			);
			runOnlyForDeploymentPostprocessing = 0;
		};
		9E74B89E2B8CBAED003F0D3E /* Embed Frameworks */ = {
			isa = PBXCopyFilesBuildPhase;
			buildActionMask = 2147483647;
			dstPath = "";
			dstSubfolderSpec = 10;
			files = (
				9E7AE0102BA0C33900202BEA /* SDL2.framework in Embed Frameworks */,
				9E7ADFD22B8E1CAD00202BEA /* SDL2_image.framework in Embed Frameworks */,
			);
			name = "Embed Frameworks";
			runOnlyForDeploymentPostprocessing = 0;
		};
/* End PBXCopyFilesBuildPhase section */

/* Begin PBXFileReference section */
		9E74B8032B712A32003F0D3E /* WalkenInSpace */ = {isa = PBXFileReference; explicitFileType = "compiled.mach-o.executable"; includeInIndex = 0; path = WalkenInSpace; sourceTree = BUILT_PRODUCTS_DIR; };
		9E74B81F2B7AECD4003F0D3E /* libsfml-window.2.6.1.dylib */ = {isa = PBXFileReference; lastKnownFileType = "compiled.mach-o.dylib"; name = "libsfml-window.2.6.1.dylib"; path = "External/SFML/lib/libsfml-window.2.6.1.dylib"; sourceTree = "<group>"; };
		9E74B8202B7AECD4003F0D3E /* libsfml-graphics.2.6.1.dylib */ = {isa = PBXFileReference; lastKnownFileType = "compiled.mach-o.dylib"; name = "libsfml-graphics.2.6.1.dylib"; path = "External/SFML/lib/libsfml-graphics.2.6.1.dylib"; sourceTree = "<group>"; };
		9E74B8212B7AECD4003F0D3E /* libsfml-network.2.6.1.dylib */ = {isa = PBXFileReference; lastKnownFileType = "compiled.mach-o.dylib"; name = "libsfml-network.2.6.1.dylib"; path = "External/SFML/lib/libsfml-network.2.6.1.dylib"; sourceTree = "<group>"; };
		9E74B8222B7AECD4003F0D3E /* libsfml-audio.2.6.1.dylib */ = {isa = PBXFileReference; lastKnownFileType = "compiled.mach-o.dylib"; name = "libsfml-audio.2.6.1.dylib"; path = "External/SFML/lib/libsfml-audio.2.6.1.dylib"; sourceTree = "<group>"; };
		9E74B8232B7AECD4003F0D3E /* libsfml-system.2.6.1.dylib */ = {isa = PBXFileReference; lastKnownFileType = "compiled.mach-o.dylib"; name = "libsfml-system.2.6.1.dylib"; path = "External/SFML/lib/libsfml-system.2.6.1.dylib"; sourceTree = "<group>"; };
		9E74B82F2B7E61FE003F0D3E /* OpenGL.framework */ = {isa = PBXFileReference; lastKnownFileType = wrapper.framework; name = OpenGL.framework; path = System/Library/Frameworks/OpenGL.framework; sourceTree = SDKROOT; };
		9E74B8312B7E628A003F0D3E /* libglfw.3.3.dylib */ = {isa = PBXFileReference; lastKnownFileType = "compiled.mach-o.dylib"; name = libglfw.3.3.dylib; path = ../../../../opt/homebrew/Cellar/glfw/3.3.9/lib/libglfw.3.3.dylib; sourceTree = "<group>"; };
		9E74B8342B7E7136003F0D3E /* GLUT.framework */ = {isa = PBXFileReference; lastKnownFileType = wrapper.framework; name = GLUT.framework; path = System/Library/Frameworks/GLUT.framework; sourceTree = SDKROOT; };
		9E74B8362B7E713F003F0D3E /* Cocoa.framework */ = {isa = PBXFileReference; lastKnownFileType = wrapper.framework; name = Cocoa.framework; path = System/Library/Frameworks/Cocoa.framework; sourceTree = SDKROOT; };
		9E74B8382B7E7148003F0D3E /* IOKit.framework */ = {isa = PBXFileReference; lastKnownFileType = wrapper.framework; name = IOKit.framework; path = System/Library/Frameworks/IOKit.framework; sourceTree = SDKROOT; };
		9E74B83A2B8637F1003F0D3E /* stb_image.h */ = {isa = PBXFileReference; fileEncoding = 4; lastKnownFileType = sourcecode.c.h; path = stb_image.h; sourceTree = "<group>"; };
		9E74B8532B878ABD003F0D3E /* Assets.xcassets */ = {isa = PBXFileReference; lastKnownFileType = folder.assetcatalog; path = Assets.xcassets; sourceTree = "<group>"; };
		9E74B8DE2B8CDAA0003F0D3E /* SDL2.framework */ = {isa = PBXFileReference; lastKnownFileType = wrapper.framework; name = SDL2.framework; path = ../../../../Library/Frameworks/SDL2.framework; sourceTree = "<group>"; };
		9E7ADFCE2B8E1C5400202BEA /* SDL2-2.30.0.dmg */ = {isa = PBXFileReference; lastKnownFileType = file; name = "SDL2-2.30.0.dmg"; path = "../../Downloads/SDL2-2.30.0.dmg"; sourceTree = "<group>"; };
		9E7ADFCF2B8E1CA500202BEA /* SDL2_image.framework */ = {isa = PBXFileReference; lastKnownFileType = wrapper.framework; name = SDL2_image.framework; path = ../../../../Library/Frameworks/SDL2_image.framework; sourceTree = "<group>"; };
		9E7ADFD32B8E1D0E00202BEA /* assets */ = {isa = PBXFileReference; lastKnownFileType = folder; path = assets; sourceTree = "<group>"; };
		9E7ADFF22B8F771300202BEA /* SDL2_gfx */ = {isa = PBXFileReference; lastKnownFileType = folder; name = SDL2_gfx; path = ../../../../Library/Frameworks/SDL2_gfx; sourceTree = "<group>"; };
		9E7ADFF62B90D58800202BEA /* External */ = {isa = PBXFileReference; lastKnownFileType = folder; path = External; sourceTree = "<group>"; };
		9E7ADFFC2B90D86400202BEA /* SDL.h */ = {isa = PBXFileReference; lastKnownFileType = sourcecode.c.h; path = SDL.h; sourceTree = "<group>"; };
		9E7AE00F2B9C9D3C00202BEA /* SDL_image.h */ = {isa = PBXFileReference; fileEncoding = 4; lastKnownFileType = sourcecode.c.h; path = SDL_image.h; sourceTree = "<group>"; };
		9EDF5E7B2BBD9BEE00EC9DB1 /* main.cpp */ = {isa = PBXFileReference; fileEncoding = 4; lastKnownFileType = sourcecode.cpp.cpp; name = main.cpp; path = ../../FYPGame/FYPGame/main.cpp; sourceTree = "<group>"; };
		9EDF5E912BBD9BEF00EC9DB1 /* main.hpp */ = {isa = PBXFileReference; fileEncoding = 4; lastKnownFileType = sourcecode.cpp.h; path = main.hpp; sourceTree = "<group>"; };
		9EDF5EBE2BBDA24D00EC9DB1 /* engine.cpp */ = {isa = PBXFileReference; lastKnownFileType = sourcecode.cpp.cpp; path = engine.cpp; sourceTree = "<group>"; };
		9EDF5EBF2BBDA24D00EC9DB1 /* engine.hpp */ = {isa = PBXFileReference; lastKnownFileType = sourcecode.cpp.h; path = engine.hpp; sourceTree = "<group>"; };
		9EDF5EC12BBDA28400EC9DB1 /* input.cpp */ = {isa = PBXFileReference; lastKnownFileType = sourcecode.cpp.cpp; path = input.cpp; sourceTree = "<group>"; };
		9EDF5EC22BBDA28400EC9DB1 /* input.hpp */ = {isa = PBXFileReference; lastKnownFileType = sourcecode.cpp.h; path = input.hpp; sourceTree = "<group>"; };
		9EDF5EC42BBDA2AA00EC9DB1 /* draw.cpp */ = {isa = PBXFileReference; lastKnownFileType = sourcecode.cpp.cpp; path = draw.cpp; sourceTree = "<group>"; };
		9EDF5EC52BBDA2AA00EC9DB1 /* draw.hpp */ = {isa = PBXFileReference; lastKnownFileType = sourcecode.cpp.h; path = draw.hpp; sourceTree = "<group>"; };
		9EDF5EC72BBDA2D100EC9DB1 /* define.hpp */ = {isa = PBXFileReference; lastKnownFileType = sourcecode.cpp.h; path = define.hpp; sourceTree = "<group>"; };
		9EDF5EC82BBDA2F400EC9DB1 /* common.hpp */ = {isa = PBXFileReference; lastKnownFileType = sourcecode.cpp.h; path = common.hpp; sourceTree = "<group>"; };
		9EDF5EC92BBDA32200EC9DB1 /* structs.hpp */ = {isa = PBXFileReference; lastKnownFileType = sourcecode.cpp.h; path = structs.hpp; sourceTree = "<group>"; };
		9EDF5ECA2BBDB92500EC9DB1 /* stage.cpp */ = {isa = PBXFileReference; lastKnownFileType = sourcecode.cpp.cpp; path = stage.cpp; sourceTree = "<group>"; };
		9EDF5ECB2BBDB92500EC9DB1 /* stage.hpp */ = {isa = PBXFileReference; lastKnownFileType = sourcecode.cpp.h; path = stage.hpp; sourceTree = "<group>"; };
		9EDF5ECD2BBE074800EC9DB1 /* util.cpp */ = {isa = PBXFileReference; lastKnownFileType = sourcecode.cpp.cpp; path = util.cpp; sourceTree = "<group>"; };
		9EDF5ECE2BBE074800EC9DB1 /* util.hpp */ = {isa = PBXFileReference; lastKnownFileType = sourcecode.cpp.h; path = util.hpp; sourceTree = "<group>"; };
		9EDF5ED02BC8552D00EC9DB1 /* level.cpp */ = {isa = PBXFileReference; lastKnownFileType = sourcecode.cpp.cpp; path = level.cpp; sourceTree = "<group>"; };
		9EDF5ED12BC8552D00EC9DB1 /* level.hpp */ = {isa = PBXFileReference; lastKnownFileType = sourcecode.cpp.h; path = level.hpp; sourceTree = "<group>"; };
		9EDF5ED32BD00DEF00EC9DB1 /* starfield.cpp */ = {isa = PBXFileReference; lastKnownFileType = sourcecode.cpp.cpp; path = starfield.cpp; sourceTree = "<group>"; };
		9EDF5ED42BD00DEF00EC9DB1 /* starfield.hpp */ = {isa = PBXFileReference; lastKnownFileType = sourcecode.cpp.h; path = starfield.hpp; sourceTree = "<group>"; };
		9EDF5ED62BD0117100EC9DB1 /* player.cpp */ = {isa = PBXFileReference; lastKnownFileType = sourcecode.cpp.cpp; path = player.cpp; sourceTree = "<group>"; };
		9EDF5ED72BD0117100EC9DB1 /* player.hpp */ = {isa = PBXFileReference; lastKnownFileType = sourcecode.cpp.h; path = player.hpp; sourceTree = "<group>"; };
		9EDF5ED92BD0208F00EC9DB1 /* enemy.cpp */ = {isa = PBXFileReference; lastKnownFileType = sourcecode.cpp.cpp; path = enemy.cpp; sourceTree = "<group>"; };
		9EDF5EDA2BD0208F00EC9DB1 /* enemy.hpp */ = {isa = PBXFileReference; lastKnownFileType = sourcecode.cpp.h; path = enemy.hpp; sourceTree = "<group>"; };
		9EDF5EDC2BD020A300EC9DB1 /* entity.cpp */ = {isa = PBXFileReference; lastKnownFileType = sourcecode.cpp.cpp; path = entity.cpp; sourceTree = "<group>"; };
		9EDF5EDD2BD020A300EC9DB1 /* entity.hpp */ = {isa = PBXFileReference; lastKnownFileType = sourcecode.cpp.h; path = entity.hpp; sourceTree = "<group>"; };
		9EDF5EDF2BD023BE00EC9DB1 /* bullet.cpp */ = {isa = PBXFileReference; lastKnownFileType = sourcecode.cpp.cpp; path = bullet.cpp; sourceTree = "<group>"; };
		9EDF5EE02BD023BE00EC9DB1 /* bullet.hpp */ = {isa = PBXFileReference; lastKnownFileType = sourcecode.cpp.h; path = bullet.hpp; sourceTree = "<group>"; };
		9EDF5EE22BD14DBB00EC9DB1 /* camera.cpp */ = {isa = PBXFileReference; lastKnownFileType = sourcecode.cpp.cpp; path = camera.cpp; sourceTree = "<group>"; };
		9EDF5EE32BD14DBB00EC9DB1 /* camera.hpp */ = {isa = PBXFileReference; lastKnownFileType = sourcecode.cpp.h; path = camera.hpp; sourceTree = "<group>"; };
		9EDF5EE52BD14DEE00EC9DB1 /* effects.cpp */ = {isa = PBXFileReference; lastKnownFileType = sourcecode.cpp.cpp; path = effects.cpp; sourceTree = "<group>"; };
		9EDF5EE62BD14DEE00EC9DB1 /* effects.hpp */ = {isa = PBXFileReference; lastKnownFileType = sourcecode.cpp.h; path = effects.hpp; sourceTree = "<group>"; };
		9EDF5EE82BD14E5D00EC9DB1 /* entityCreate.cpp */ = {isa = PBXFileReference; lastKnownFileType = sourcecode.cpp.cpp; path = entityCreate.cpp; sourceTree = "<group>"; };
		9EDF5EE92BD14E5D00EC9DB1 /* entityCreate.hpp */ = {isa = PBXFileReference; lastKnownFileType = sourcecode.cpp.h; path = entityCreate.hpp; sourceTree = "<group>"; };
		9EDF5EEB2BD1536D00EC9DB1 /* controls.cpp */ = {isa = PBXFileReference; lastKnownFileType = sourcecode.cpp.cpp; path = controls.cpp; sourceTree = "<group>"; };
		9EDF5EEC2BD1536D00EC9DB1 /* controls.hpp */ = {isa = PBXFileReference; lastKnownFileType = sourcecode.cpp.h; path = controls.hpp; sourceTree = "<group>"; };
		9EDF5EEE2BD1551B00EC9DB1 /* lookup.cpp */ = {isa = PBXFileReference; lastKnownFileType = sourcecode.cpp.cpp; path = lookup.cpp; sourceTree = "<group>"; };
		9EDF5EEF2BD1551B00EC9DB1 /* lookup.hpp */ = {isa = PBXFileReference; lastKnownFileType = sourcecode.cpp.h; path = lookup.hpp; sourceTree = "<group>"; };
		9EDF5EF12BD1554F00EC9DB1 /* widgets.cpp */ = {isa = PBXFileReference; lastKnownFileType = sourcecode.cpp.cpp; path = widgets.cpp; sourceTree = "<group>"; };
		9EDF5EF22BD1554F00EC9DB1 /* widgets.hpp */ = {isa = PBXFileReference; lastKnownFileType = sourcecode.cpp.h; path = widgets.hpp; sourceTree = "<group>"; };
		9EDF5EF42BD155D100EC9DB1 /* text.cpp */ = {isa = PBXFileReference; lastKnownFileType = sourcecode.cpp.cpp; path = text.cpp; sourceTree = "<group>"; };
		9EDF5EF52BD155D100EC9DB1 /* text.hpp */ = {isa = PBXFileReference; lastKnownFileType = sourcecode.cpp.h; path = text.hpp; sourceTree = "<group>"; };
		9EDF5EF72BD1562700EC9DB1 /* texture.cpp */ = {isa = PBXFileReference; lastKnownFileType = sourcecode.cpp.cpp; path = texture.cpp; sourceTree = "<group>"; };
		9EDF5EF82BD1562700EC9DB1 /* texture.hpp */ = {isa = PBXFileReference; lastKnownFileType = sourcecode.cpp.h; path = texture.hpp; sourceTree = "<group>"; };
/* End PBXFileReference section */

/* Begin PBXFrameworksBuildPhase section */
		9E74B8292B7E33E1003F0D3E /* Frameworks */ = {
			isa = PBXFrameworksBuildPhase;
			buildActionMask = 2147483647;
			files = (
				9E7ADFF32B8F771300202BEA /* SDL2_gfx in Frameworks */,
				9E74B8DF2B8CDAA0003F0D3E /* SDL2.framework in Frameworks */,
				9E74B8992B8CBAE7003F0D3E /* Cocoa.framework in Frameworks */,
				9E74B8942B8BB2A4003F0D3E /* stb_image.h in Frameworks */,
				9E74B8392B7E7148003F0D3E /* IOKit.framework in Frameworks */,
				9E74B8352B7E7136003F0D3E /* GLUT.framework in Frameworks */,
				9E74B8332B7E6EFD003F0D3E /* libglfw.3.3.dylib in Frameworks */,
				9E7ADFD12B8E1CAD00202BEA /* SDL2_image.framework in Frameworks */,
			);
			runOnlyForDeploymentPostprocessing = 0;
		};
/* End PBXFrameworksBuildPhase section */

/* Begin PBXGroup section */
		9E74B7FA2B712A32003F0D3E = {
			isa = PBXGroup;
			children = (
				9E74B8532B878ABD003F0D3E /* Assets.xcassets */,
				9E74B8052B712A32003F0D3E /* WalkenInSpace */,
				9E74B8042B712A32003F0D3E /* Products */,
				9E74B81E2B7AECD4003F0D3E /* Frameworks */,
			);
			sourceTree = "<group>";
		};
		9E74B8042B712A32003F0D3E /* Products */ = {
			isa = PBXGroup;
			children = (
				9E74B8032B712A32003F0D3E /* WalkenInSpace */,
			);
			name = Products;
			sourceTree = "<group>";
		};
		9E74B8052B712A32003F0D3E /* WalkenInSpace */ = {
			isa = PBXGroup;
			children = (
				9E7ADFD32B8E1D0E00202BEA /* assets */,
				9E7AE00F2B9C9D3C00202BEA /* SDL_image.h */,
				9E7ADFFC2B90D86400202BEA /* SDL.h */,
				9E74B83A2B8637F1003F0D3E /* stb_image.h */,
				9EDF5E7B2BBD9BEE00EC9DB1 /* main.cpp */,
				9EDF5EE82BD14E5D00EC9DB1 /* entityCreate.cpp */,
				9EDF5EE92BD14E5D00EC9DB1 /* entityCreate.hpp */,
				9EDF5EE52BD14DEE00EC9DB1 /* effects.cpp */,
				9EDF5EE62BD14DEE00EC9DB1 /* effects.hpp */,
				9EDF5EE22BD14DBB00EC9DB1 /* camera.cpp */,
				9EDF5EE32BD14DBB00EC9DB1 /* camera.hpp */,
				9EDF5EC42BBDA2AA00EC9DB1 /* draw.cpp */,
				9EDF5EC72BBDA2D100EC9DB1 /* define.hpp */,
				9EDF5ECD2BBE074800EC9DB1 /* util.cpp */,
				9EDF5ECE2BBE074800EC9DB1 /* util.hpp */,
				9EDF5EEE2BD1551B00EC9DB1 /* lookup.cpp */,
				9EDF5EEF2BD1551B00EC9DB1 /* lookup.hpp */,
				9EDF5EF12BD1554F00EC9DB1 /* widgets.cpp */,
				9EDF5EF22BD1554F00EC9DB1 /* widgets.hpp */,
				9EDF5ECA2BBDB92500EC9DB1 /* stage.cpp */,
				9EDF5EDF2BD023BE00EC9DB1 /* bullet.cpp */,
				9EDF5EE02BD023BE00EC9DB1 /* bullet.hpp */,
				9EDF5ED32BD00DEF00EC9DB1 /* starfield.cpp */,
				9EDF5ED62BD0117100EC9DB1 /* player.cpp */,
				9EDF5EF72BD1562700EC9DB1 /* texture.cpp */,
				9EDF5EF82BD1562700EC9DB1 /* texture.hpp */,
				9EDF5EF42BD155D100EC9DB1 /* text.cpp */,
				9EDF5EF52BD155D100EC9DB1 /* text.hpp */,
				9EDF5EDC2BD020A300EC9DB1 /* entity.cpp */,
				9EDF5EDD2BD020A300EC9DB1 /* entity.hpp */,
				9EDF5ED92BD0208F00EC9DB1 /* enemy.cpp */,
				9EDF5EDA2BD0208F00EC9DB1 /* enemy.hpp */,
				9EDF5ED72BD0117100EC9DB1 /* player.hpp */,
				9EDF5EEB2BD1536D00EC9DB1 /* controls.cpp */,
				9EDF5EEC2BD1536D00EC9DB1 /* controls.hpp */,
				9EDF5ED42BD00DEF00EC9DB1 /* starfield.hpp */,
				9EDF5ED02BC8552D00EC9DB1 /* level.cpp */,
				9EDF5ED12BC8552D00EC9DB1 /* level.hpp */,
				9EDF5ECB2BBDB92500EC9DB1 /* stage.hpp */,
				9EDF5EC82BBDA2F400EC9DB1 /* common.hpp */,
				9EDF5EC92BBDA32200EC9DB1 /* structs.hpp */,
				9EDF5EC52BBDA2AA00EC9DB1 /* draw.hpp */,
				9EDF5EC12BBDA28400EC9DB1 /* input.cpp */,
				9EDF5EC22BBDA28400EC9DB1 /* input.hpp */,
				9EDF5E912BBD9BEF00EC9DB1 /* main.hpp */,
				9EDF5EBE2BBDA24D00EC9DB1 /* engine.cpp */,
				9EDF5EBF2BBDA24D00EC9DB1 /* engine.hpp */,
			);
			path = WalkenInSpace;
			sourceTree = "<group>";
		};
		9E74B81E2B7AECD4003F0D3E /* Frameworks */ = {
			isa = PBXGroup;
			children = (
				9E7ADFF62B90D58800202BEA /* External */,
				9E7ADFF22B8F771300202BEA /* SDL2_gfx */,
				9E7ADFCF2B8E1CA500202BEA /* SDL2_image.framework */,
				9E7ADFCE2B8E1C5400202BEA /* SDL2-2.30.0.dmg */,
				9E74B8DE2B8CDAA0003F0D3E /* SDL2.framework */,
				9E74B8382B7E7148003F0D3E /* IOKit.framework */,
				9E74B8362B7E713F003F0D3E /* Cocoa.framework */,
				9E74B8342B7E7136003F0D3E /* GLUT.framework */,
				9E74B8312B7E628A003F0D3E /* libglfw.3.3.dylib */,
				9E74B82F2B7E61FE003F0D3E /* OpenGL.framework */,
				9E74B8222B7AECD4003F0D3E /* libsfml-audio.2.6.1.dylib */,
				9E74B8202B7AECD4003F0D3E /* libsfml-graphics.2.6.1.dylib */,
				9E74B8212B7AECD4003F0D3E /* libsfml-network.2.6.1.dylib */,
				9E74B8232B7AECD4003F0D3E /* libsfml-system.2.6.1.dylib */,
				9E74B81F2B7AECD4003F0D3E /* libsfml-window.2.6.1.dylib */,
			);
			name = Frameworks;
			sourceTree = "<group>";
		};
/* End PBXGroup section */

/* Begin PBXNativeTarget section */
		9E74B8022B712A32003F0D3E /* WalkenInSpace */ = {
			isa = PBXNativeTarget;
			buildConfigurationList = 9E74B80A2B712A32003F0D3E /* Build configuration list for PBXNativeTarget "WalkenInSpace" */;
			buildPhases = (
				9E74B7FF2B712A32003F0D3E /* Sources */,
				9E74B8012B712A32003F0D3E /* CopyFiles */,
				9E74B8292B7E33E1003F0D3E /* Frameworks */,
				9E74B8552B8916C8003F0D3E /* Resources */,
				9E74B89E2B8CBAED003F0D3E /* Embed Frameworks */,
			);
			buildRules = (
			);
			dependencies = (
			);
			name = WalkenInSpace;
			productName = WalkenInSpace;
			productReference = 9E74B8032B712A32003F0D3E /* WalkenInSpace */;
			productType = "com.apple.product-type.tool";
		};
/* End PBXNativeTarget section */

/* Begin PBXProject section */
		9E74B7FB2B712A32003F0D3E /* Project object */ = {
			isa = PBXProject;
			attributes = {
				BuildIndependentTargetsInParallel = 1;
				LastUpgradeCheck = 1520;
				TargetAttributes = {
					9E74B8022B712A32003F0D3E = {
						CreatedOnToolsVersion = 15.2;
					};
				};
			};
			buildConfigurationList = 9E74B7FE2B712A32003F0D3E /* Build configuration list for PBXProject "WalkenInSpace" */;
			compatibilityVersion = "Xcode 14.0";
			developmentRegion = en;
			hasScannedForEncodings = 0;
			knownRegions = (
				en,
				Base,
			);
			mainGroup = 9E74B7FA2B712A32003F0D3E;
			productRefGroup = 9E74B8042B712A32003F0D3E /* Products */;
			projectDirPath = "";
			projectRoot = "";
			targets = (
				9E74B8022B712A32003F0D3E /* WalkenInSpace */,
			);
		};
/* End PBXProject section */

/* Begin PBXResourcesBuildPhase section */
		9E74B8552B8916C8003F0D3E /* Resources */ = {
			isa = PBXResourcesBuildPhase;
			buildActionMask = 2147483647;
			files = (
				9E74B8562B8916CE003F0D3E /* Assets.xcassets in Resources */,
				9E7ADFD42B8E1D0E00202BEA /* assets in Resources */,
			);
			runOnlyForDeploymentPostprocessing = 0;
		};
/* End PBXResourcesBuildPhase section */

/* Begin PBXSourcesBuildPhase section */
		9E74B7FF2B712A32003F0D3E /* Sources */ = {
			isa = PBXSourcesBuildPhase;
			buildActionMask = 2147483647;
			files = (
				9EDF5EE42BD14DBB00EC9DB1 /* camera.cpp in Sources */,
				9EDF5EED2BD1536D00EC9DB1 /* controls.cpp in Sources */,
				9EDF5EDB2BD0208F00EC9DB1 /* enemy.cpp in Sources */,
				9EDF5ED22BC8552D00EC9DB1 /* level.cpp in Sources */,
				9EDF5EDE2BD020A300EC9DB1 /* entity.cpp in Sources */,
				9EDF5EE72BD14DEE00EC9DB1 /* effects.cpp in Sources */,
				9EDF5ECC2BBDB92500EC9DB1 /* stage.cpp in Sources */,
				9EDF5ED82BD0117100EC9DB1 /* player.cpp in Sources */,
				9EDF5E942BBD9BEF00EC9DB1 /* main.cpp in Sources */,
				9EDF5EF92BD1562700EC9DB1 /* texture.cpp in Sources */,
				9EDF5EEA2BD14E5D00EC9DB1 /* entityCreate.cpp in Sources */,
				9EDF5EC02BBDA24D00EC9DB1 /* engine.cpp in Sources */,
				9EDF5EE12BD023BE00EC9DB1 /* bullet.cpp in Sources */,
				9EDF5ED52BD00DEF00EC9DB1 /* starfield.cpp in Sources */,
				9EDF5EF62BD155D100EC9DB1 /* text.cpp in Sources */,
				9EDF5EC32BBDA28400EC9DB1 /* input.cpp in Sources */,
				9EDF5EC62BBDA2AA00EC9DB1 /* draw.cpp in Sources */,
				9EDF5EF02BD1551B00EC9DB1 /* lookup.cpp in Sources */,
				9EDF5ECF2BBE074800EC9DB1 /* util.cpp in Sources */,
				9EDF5EF32BD1554F00EC9DB1 /* widgets.cpp in Sources */,
			);
			runOnlyForDeploymentPostprocessing = 0;
		};
/* End PBXSourcesBuildPhase section */

/* Begin XCBuildConfiguration section */
		9E74B8082B712A32003F0D3E /* Debug */ = {
			isa = XCBuildConfiguration;
			buildSettings = {
				ALWAYS_SEARCH_USER_PATHS = NO;
				ASSETCATALOG_COMPILER_GENERATE_SWIFT_ASSET_SYMBOL_EXTENSIONS = YES;
				CLANG_ANALYZER_NONNULL = YES;
				CLANG_ANALYZER_NUMBER_OBJECT_CONVERSION = YES_AGGRESSIVE;
				CLANG_CXX_LANGUAGE_STANDARD = "gnu++20";
				CLANG_ENABLE_MODULES = YES;
				CLANG_ENABLE_OBJC_ARC = YES;
				CLANG_ENABLE_OBJC_WEAK = YES;
				CLANG_WARN_BLOCK_CAPTURE_AUTORELEASING = YES;
				CLANG_WARN_BOOL_CONVERSION = YES;
				CLANG_WARN_COMMA = YES;
				CLANG_WARN_CONSTANT_CONVERSION = YES;
				CLANG_WARN_DEPRECATED_OBJC_IMPLEMENTATIONS = YES;
				CLANG_WARN_DIRECT_OBJC_ISA_USAGE = YES_ERROR;
				CLANG_WARN_DOCUMENTATION_COMMENTS = YES;
				CLANG_WARN_EMPTY_BODY = YES;
				CLANG_WARN_ENUM_CONVERSION = YES;
				CLANG_WARN_INFINITE_RECURSION = YES;
				CLANG_WARN_INT_CONVERSION = YES;
				CLANG_WARN_NON_LITERAL_NULL_CONVERSION = YES;
				CLANG_WARN_OBJC_IMPLICIT_RETAIN_SELF = YES;
				CLANG_WARN_OBJC_LITERAL_CONVERSION = YES;
				CLANG_WARN_OBJC_ROOT_CLASS = YES_ERROR;
				CLANG_WARN_QUOTED_INCLUDE_IN_FRAMEWORK_HEADER = YES;
				CLANG_WARN_RANGE_LOOP_ANALYSIS = YES;
				CLANG_WARN_STRICT_PROTOTYPES = YES;
				CLANG_WARN_SUSPICIOUS_MOVE = YES;
				CLANG_WARN_UNGUARDED_AVAILABILITY = YES_AGGRESSIVE;
				CLANG_WARN_UNREACHABLE_CODE = YES;
				CLANG_WARN__DUPLICATE_METHOD_MATCH = YES;
				COPY_PHASE_STRIP = NO;
				DEBUG_INFORMATION_FORMAT = dwarf;
				ENABLE_STRICT_OBJC_MSGSEND = YES;
				ENABLE_TESTABILITY = YES;
				ENABLE_USER_SCRIPT_SANDBOXING = YES;
				GCC_C_LANGUAGE_STANDARD = gnu17;
				GCC_DYNAMIC_NO_PIC = NO;
				GCC_NO_COMMON_BLOCKS = YES;
				GCC_OPTIMIZATION_LEVEL = 0;
				GCC_PREPROCESSOR_DEFINITIONS = (
					"DEBUG=1",
					"$(inherited)",
				);
				GCC_WARN_64_TO_32_BIT_CONVERSION = YES;
				GCC_WARN_ABOUT_RETURN_TYPE = YES_ERROR;
				GCC_WARN_UNDECLARED_SELECTOR = YES;
				GCC_WARN_UNINITIALIZED_AUTOS = YES_AGGRESSIVE;
				GCC_WARN_UNUSED_FUNCTION = YES;
				GCC_WARN_UNUSED_VARIABLE = YES;
				LOCALIZATION_PREFERS_STRING_CATALOGS = YES;
				MACOSX_DEPLOYMENT_TARGET = 13.6;
				MTL_ENABLE_DEBUG_INFO = INCLUDE_SOURCE;
				MTL_FAST_MATH = YES;
				NEW_SETTING = "";
				ONLY_ACTIVE_ARCH = YES;
				SDKROOT = macosx;
			};
			name = Debug;
		};
		9E74B8092B712A32003F0D3E /* Release */ = {
			isa = XCBuildConfiguration;
			buildSettings = {
				ALWAYS_SEARCH_USER_PATHS = NO;
				ASSETCATALOG_COMPILER_GENERATE_SWIFT_ASSET_SYMBOL_EXTENSIONS = YES;
				CLANG_ANALYZER_NONNULL = YES;
				CLANG_ANALYZER_NUMBER_OBJECT_CONVERSION = YES_AGGRESSIVE;
				CLANG_CXX_LANGUAGE_STANDARD = "gnu++20";
				CLANG_ENABLE_MODULES = YES;
				CLANG_ENABLE_OBJC_ARC = YES;
				CLANG_ENABLE_OBJC_WEAK = YES;
				CLANG_WARN_BLOCK_CAPTURE_AUTORELEASING = YES;
				CLANG_WARN_BOOL_CONVERSION = YES;
				CLANG_WARN_COMMA = YES;
				CLANG_WARN_CONSTANT_CONVERSION = YES;
				CLANG_WARN_DEPRECATED_OBJC_IMPLEMENTATIONS = YES;
				CLANG_WARN_DIRECT_OBJC_ISA_USAGE = YES_ERROR;
				CLANG_WARN_DOCUMENTATION_COMMENTS = YES;
				CLANG_WARN_EMPTY_BODY = YES;
				CLANG_WARN_ENUM_CONVERSION = YES;
				CLANG_WARN_INFINITE_RECURSION = YES;
				CLANG_WARN_INT_CONVERSION = YES;
				CLANG_WARN_NON_LITERAL_NULL_CONVERSION = YES;
				CLANG_WARN_OBJC_IMPLICIT_RETAIN_SELF = YES;
				CLANG_WARN_OBJC_LITERAL_CONVERSION = YES;
				CLANG_WARN_OBJC_ROOT_CLASS = YES_ERROR;
				CLANG_WARN_QUOTED_INCLUDE_IN_FRAMEWORK_HEADER = YES;
				CLANG_WARN_RANGE_LOOP_ANALYSIS = YES;
				CLANG_WARN_STRICT_PROTOTYPES = YES;
				CLANG_WARN_SUSPICIOUS_MOVE = YES;
				CLANG_WARN_UNGUARDED_AVAILABILITY = YES_AGGRESSIVE;
				CLANG_WARN_UNREACHABLE_CODE = YES;
				CLANG_WARN__DUPLICATE_METHOD_MATCH = YES;
				COPY_PHASE_STRIP = NO;
				DEBUG_INFORMATION_FORMAT = "dwarf-with-dsym";
				ENABLE_NS_ASSERTIONS = NO;
				ENABLE_STRICT_OBJC_MSGSEND = YES;
				ENABLE_USER_SCRIPT_SANDBOXING = YES;
				GCC_C_LANGUAGE_STANDARD = gnu17;
				GCC_NO_COMMON_BLOCKS = YES;
				GCC_WARN_64_TO_32_BIT_CONVERSION = YES;
				GCC_WARN_ABOUT_RETURN_TYPE = YES_ERROR;
				GCC_WARN_UNDECLARED_SELECTOR = YES;
				GCC_WARN_UNINITIALIZED_AUTOS = YES_AGGRESSIVE;
				GCC_WARN_UNUSED_FUNCTION = YES;
				GCC_WARN_UNUSED_VARIABLE = YES;
				LOCALIZATION_PREFERS_STRING_CATALOGS = YES;
				MACOSX_DEPLOYMENT_TARGET = 13.6;
				MTL_ENABLE_DEBUG_INFO = NO;
				MTL_FAST_MATH = YES;
				NEW_SETTING = "";
				SDKROOT = macosx;
			};
			name = Release;
		};
		9E74B80B2B712A32003F0D3E /* Debug */ = {
			isa = XCBuildConfiguration;
			buildSettings = {
				CODE_SIGN_IDENTITY = "-";
				CODE_SIGN_STYLE = Automatic;
				EXCLUDED_ARCHS = "";
				FRAMEWORK_SEARCH_PATHS = (
					/opt/homebrew/Cellar/glfw/3.3.9,
					"$(PROJECT_DIR)/External",
					"$(LOCAL_LIBRARY_DIR)/Frameworks",
					"$(LOCAL_LIBRARY_DIR)/Frameworks/SDL_image-release-2.8.2/Xcode/macOS",
					"$(PROJECT_DIR)",
				);
				HEADER_SEARCH_PATHS = /opt/homebrew/Cellar/glfw/3.3.9/include;
				LD_RUNPATH_SEARCH_PATHS = "";
				LIBRARY_SEARCH_PATHS = (
					"/opt/homebrew/Cellar/glfw/3.3.9/**",
					/opt/homebrew/Cellar/glfw/3.3.9/lib,
					/opt/homebrew/Cellar/sdl2_gfx/1.0.4/lib,
				);
				OTHER_CODE_SIGN_FLAGS = "--deep";
				PRODUCT_NAME = "$(TARGET_NAME)";
			};
			name = Debug;
		};
		9E74B80C2B712A32003F0D3E /* Release */ = {
			isa = XCBuildConfiguration;
			buildSettings = {
				CODE_SIGN_IDENTITY = "-";
				CODE_SIGN_STYLE = Automatic;
				EXCLUDED_ARCHS = "";
				FRAMEWORK_SEARCH_PATHS = (
					/opt/homebrew/Cellar/glfw/3.3.9,
					"$(PROJECT_DIR)/External",
					"$(LOCAL_LIBRARY_DIR)/Frameworks",
					"$(LOCAL_LIBRARY_DIR)/Frameworks/SDL_image-release-2.8.2/Xcode/macOS",
					"$(PROJECT_DIR)",
				);
				HEADER_SEARCH_PATHS = /opt/homebrew/Cellar/glfw/3.3.9/include;
				LD_RUNPATH_SEARCH_PATHS = "";
				LIBRARY_SEARCH_PATHS = (
					"/opt/homebrew/Cellar/glfw/3.3.9/**",
					/opt/homebrew/Cellar/glfw/3.3.9/lib,
					/opt/homebrew/Cellar/sdl2_gfx/1.0.4/lib,
				);
				OTHER_CODE_SIGN_FLAGS = "--deep";
				PRODUCT_NAME = "$(TARGET_NAME)";
			};
			name = Release;
		};
/* End XCBuildConfiguration section */

/* Begin XCConfigurationList section */
		9E74B7FE2B712A32003F0D3E /* Build configuration list for PBXProject "WalkenInSpace" */ = {
			isa = XCConfigurationList;
			buildConfigurations = (
				9E74B8082B712A32003F0D3E /* Debug */,
				9E74B8092B712A32003F0D3E /* Release */,
			);
			defaultConfigurationIsVisible = 0;
			defaultConfigurationName = Release;
		};
		9E74B80A2B712A32003F0D3E /* Build configuration list for PBXNativeTarget "WalkenInSpace" */ = {
			isa = XCConfigurationList;
			buildConfigurations = (
				9E74B80B2B712A32003F0D3E /* Debug */,
				9E74B80C2B712A32003F0D3E /* Release */,
			);
			defaultConfigurationIsVisible = 0;
			defaultConfigurationName = Release;
		};
/* End XCConfigurationList section */
	};
	rootObject = 9E74B7FB2B712A32003F0D3E /* Project object */;
}
